
Microsoft Visual Studio Solution File, Format Version 12.00
# Visual Studio Version 17
VisualStudioVersion = 17.8.34511.84
MinimumVisualStudioVersion = 10.0.40219.1
Project("{FAE04EC0-301F-11D3-BF4B-00C04F79EFBC}") = "SQLTester", "SQLTester\SQLTester.csproj", "{69324831-59B1-4A0C-BA27-DF1B499E6721}"
EndProject
Global
	GlobalSection(SolutionConfigurationPlatforms) = preSolution
		Debug|Any CPU = Debug|Any CPU
		Release|Any CPU = Release|Any CPU
	EndGlobalSection
	GlobalSection(ProjectConfigurationPlatforms) = postSolution
		{69324831-59B1-4A0C-BA27-DF1B499E6721}.Debug|Any CPU.ActiveCfg = Debug|Any CPU
		{69324831-59B1-4A0C-BA27-DF1B499E6721}.Debug|Any CPU.Build.0 = Debug|Any CPU
		{69324831-59B1-4A0C-BA27-DF1B499E6721}.Release|Any CPU.ActiveCfg = Release|Any CPU
		{69324831-59B1-4A0C-BA27-DF1B499E6721}.Release|Any CPU.Build.0 = Release|Any CPU
	EndGlobalSection
	GlobalSection(SolutionProperties) = preSolution
		HideSolutionNode = FALSE
	EndGlobalSection
	GlobalSection(ExtensibilityGlobals) = postSolution
		SolutionGuid = {547B08B4-B841-461D-B5C1-2A0D9A63D956}
	EndGlobalSection
EndGlobal
