
Microsoft Visual Studio Solution File, Format Version 12.00
# Visual Studio Version 17
VisualStudioVersion = 17.8.34511.84
MinimumVisualStudioVersion = 10.0.40219.1
Project("{FAE04EC0-301F-11D3-BF4B-00C04F79EFBC}") = "AirlineReservationSystem", "AirlineReservationSystem\AirlineReservationSystem.csproj", "{3D4454F6-264E-42F7-8482-9A78AED47E03}"
EndProject
Global
	GlobalSection(SolutionConfigurationPlatforms) = preSolution
		Debug|Any CPU = Debug|Any CPU
		Release|Any CPU = Release|Any CPU
	EndGlobalSection
	GlobalSection(ProjectConfigurationPlatforms) = postSolution
		{3D4454F6-264E-42F7-8482-9A78AED47E03}.Debug|Any CPU.ActiveCfg = Debug|Any CPU
		{3D4454F6-264E-42F7-8482-9A78AED47E03}.Debug|Any CPU.Build.0 = Debug|Any CPU
		{3D4454F6-264E-42F7-8482-9A78AED47E03}.Release|Any CPU.ActiveCfg = Release|Any CPU
		{3D4454F6-264E-42F7-8482-9A78AED47E03}.Release|Any CPU.Build.0 = Release|Any CPU
	EndGlobalSection
	GlobalSection(SolutionProperties) = preSolution
		HideSolutionNode = FALSE
	EndGlobalSection
	GlobalSection(ExtensibilityGlobals) = postSolution
		SolutionGuid = {28EDE95C-F555-484F-B618-7F9DB6E1461D}
	EndGlobalSection
EndGlobal
